
Microsoft Visual Studio Solution File, Format Version 12.00
# Visual Studio Version 17
VisualStudioVersion = 17.0.31903.59
MinimumVisualStudioVersion = 10.0.40219.1
Project("{2150E333-8FDC-42A3-9474-1A3956D46DE8}") = "src", "src", "{827E0CD3-B72D-47B6-A68D-7590B98EB39B}"
EndProject
Project("{2150E333-8FDC-42A3-9474-1A3956D46DE8}") = "1. Domain", "1. Domain", "{C25ADEB3-3BA2-C619-3866-D47B25123913}"
EndProject
Project("{FAE04EC0-301F-11D3-BF4B-00C04F79EFBC}") = "Atria.Domain", "src\1. Domain\Atria.Domain.csproj", "{32462E4E-7027-4AE5-A88C-4709650A05CC}"
EndProject
Project("{2150E333-8FDC-42A3-9474-1A3956D46DE8}") = "2. Application", "2. Application", "{E534814A-F560-F8B9-DD0A-13D6E0973E30}"
EndProject
Project("{FAE04EC0-301F-11D3-BF4B-00C04F79EFBC}") = "Atria.Application", "src\2. Application\Atria.Application.csproj", "{DDCEFF82-FE69-4EFB-84A0-42BD7E0FA790}"
EndProject
Project("{2150E333-8FDC-42A3-9474-1A3956D46DE8}") = "3. Infrastructure", "3. Infrastructure", "{19090E92-B745-01E4-E959-BF9E2B615294}"
EndProject
Project("{FAE04EC0-301F-11D3-BF4B-00C04F79EFBC}") = "Atria.Infrastructure", "src\3. Infrastructure\Atria.Infrastructure.csproj", "{FF58D7F2-9C3E-4970-B5C8-B4AF1ACFFC6F}"
EndProject
Project("{2150E333-8FDC-42A3-9474-1A3956D46DE8}") = "4. Api", "4. Api", "{66ABE1B6-55EA-337F-0932-A3257AFE0B8C}"
EndProject
Project("{FAE04EC0-301F-11D3-BF4B-00C04F79EFBC}") = "Atria.Api", "src\4. Api\Atria.Api.csproj", "{A013299F-807A-4810-9919-84E7FA5A5CF2}"
EndProject
Project("{2150E333-8FDC-42A3-9474-1A3956D46DE8}") = "tests", "tests", "{0AB3BF05-4346-4AA6-1389-037BE0695223}"
EndProject
Project("{FAE04EC0-301F-11D3-BF4B-00C04F79EFBC}") = "Atria.Domain.Tests", "tests\Atria.Domain.Tests\Atria.Domain.Tests.csproj", "{568550C6-895D-4E6A-A711-D4D410E06F7C}"
EndProject
Project("{FAE04EC0-301F-11D3-BF4B-00C04F79EFBC}") = "Atria.Application.Tests", "tests\Atria.Application.Tests\Atria.Application.Tests.csproj", "{B4019FAC-50EA-4D60-8840-1E32A3F48B15}"
EndProject
Project("{FAE04EC0-301F-11D3-BF4B-00C04F79EFBC}") = "Atria.Api.IntegrationTests", "tests\Atria.Api.IntegrationTests\Atria.Api.IntegrationTests.csproj", "{995E5E49-86F9-42AA-ACB8-AA73AECFB360}"
EndProject
Global
	GlobalSection(SolutionConfigurationPlatforms) = preSolution
		Debug|Any CPU = Debug|Any CPU
		Debug|x64 = Debug|x64
		Debug|x86 = Debug|x86
		Release|Any CPU = Release|Any CPU
		Release|x64 = Release|x64
		Release|x86 = Release|x86
	EndGlobalSection
	GlobalSection(ProjectConfigurationPlatforms) = postSolution
		{32462E4E-7027-4AE5-A88C-4709650A05CC}.Debug|Any CPU.ActiveCfg = Debug|Any CPU
		{32462E4E-7027-4AE5-A88C-4709650A05CC}.Debug|Any CPU.Build.0 = Debug|Any CPU
		{32462E4E-7027-4AE5-A88C-4709650A05CC}.Debug|x64.ActiveCfg = Debug|Any CPU
		{32462E4E-7027-4AE5-A88C-4709650A05CC}.Debug|x64.Build.0 = Debug|Any CPU
		{32462E4E-7027-4AE5-A88C-4709650A05CC}.Debug|x86.ActiveCfg = Debug|Any CPU
		{32462E4E-7027-4AE5-A88C-4709650A05CC}.Debug|x86.Build.0 = Debug|Any CPU
		{32462E4E-7027-4AE5-A88C-4709650A05CC}.Release|Any CPU.ActiveCfg = Release|Any CPU
		{32462E4E-7027-4AE5-A88C-4709650A05CC}.Release|Any CPU.Build.0 = Release|Any CPU
		{32462E4E-7027-4AE5-A88C-4709650A05CC}.Release|x64.ActiveCfg = Release|Any CPU
		{32462E4E-7027-4AE5-A88C-4709650A05CC}.Release|x64.Build.0 = Release|Any CPU
		{32462E4E-7027-4AE5-A88C-4709650A05CC}.Release|x86.ActiveCfg = Release|Any CPU
		{32462E4E-7027-4AE5-A88C-4709650A05CC}.Release|x86.Build.0 = Release|Any CPU
		{DDCEFF82-FE69-4EFB-84A0-42BD7E0FA790}.Debug|Any CPU.ActiveCfg = Debug|Any CPU
		{DDCEFF82-FE69-4EFB-84A0-42BD7E0FA790}.Debug|Any CPU.Build.0 = Debug|Any CPU
		{DDCEFF82-FE69-4EFB-84A0-42BD7E0FA790}.Debug|x64.ActiveCfg = Debug|Any CPU
		{DDCEFF82-FE69-4EFB-84A0-42BD7E0FA790}.Debug|x64.Build.0 = Debug|Any CPU
		{DDCEFF82-FE69-4EFB-84A0-42BD7E0FA790}.Debug|x86.ActiveCfg = Debug|Any CPU
		{DDCEFF82-FE69-4EFB-84A0-42BD7E0FA790}.Debug|x86.Build.0 = Debug|Any CPU
		{DDCEFF82-FE69-4EFB-84A0-42BD7E0FA790}.Release|Any CPU.ActiveCfg = Release|Any CPU
		{DDCEFF82-FE69-4EFB-84A0-42BD7E0FA790}.Release|Any CPU.Build.0 = Release|Any CPU
		{DDCEFF82-FE69-4EFB-84A0-42BD7E0FA790}.Release|x64.ActiveCfg = Release|Any CPU
		{DDCEFF82-FE69-4EFB-84A0-42BD7E0FA790}.Release|x64.Build.0 = Release|Any CPU
		{DDCEFF82-FE69-4EFB-84A0-42BD7E0FA790}.Release|x86.ActiveCfg = Release|Any CPU
		{DDCEFF82-FE69-4EFB-84A0-42BD7E0FA790}.Release|x86.Build.0 = Release|Any CPU
		{FF58D7F2-9C3E-4970-B5C8-B4AF1ACFFC6F}.Debug|Any CPU.ActiveCfg = Debug|Any CPU
		{FF58D7F2-9C3E-4970-B5C8-B4AF1ACFFC6F}.Debug|Any CPU.Build.0 = Debug|Any CPU
		{FF58D7F2-9C3E-4970-B5C8-B4AF1ACFFC6F}.Debug|x64.ActiveCfg = Debug|Any CPU
		{FF58D7F2-9C3E-4970-B5C8-B4AF1ACFFC6F}.Debug|x64.Build.0 = Debug|Any CPU
		{FF58D7F2-9C3E-4970-B5C8-B4AF1ACFFC6F}.Debug|x86.ActiveCfg = Debug|Any CPU
		{FF58D7F2-9C3E-4970-B5C8-B4AF1ACFFC6F}.Debug|x86.Build.0 = Debug|Any CPU
		{FF58D7F2-9C3E-4970-B5C8-B4AF1ACFFC6F}.Release|Any CPU.ActiveCfg = Release|Any CPU
		{FF58D7F2-9C3E-4970-B5C8-B4AF1ACFFC6F}.Release|Any CPU.Build.0 = Release|Any CPU
		{FF58D7F2-9C3E-4970-B5C8-B4AF1ACFFC6F}.Release|x64.ActiveCfg = Release|Any CPU
		{FF58D7F2-9C3E-4970-B5C8-B4AF1ACFFC6F}.Release|x64.Build.0 = Release|Any CPU
		{FF58D7F2-9C3E-4970-B5C8-B4AF1ACFFC6F}.Release|x86.ActiveCfg = Release|Any CPU
		{FF58D7F2-9C3E-4970-B5C8-B4AF1ACFFC6F}.Release|x86.Build.0 = Release|Any CPU
		{A013299F-807A-4810-9919-84E7FA5A5CF2}.Debug|Any CPU.ActiveCfg = Debug|Any CPU
		{A013299F-807A-4810-9919-84E7FA5A5CF2}.Debug|Any CPU.Build.0 = Debug|Any CPU
		{A013299F-807A-4810-9919-84E7FA5A5CF2}.Debug|x64.ActiveCfg = Debug|Any CPU
		{A013299F-807A-4810-9919-84E7FA5A5CF2}.Debug|x64.Build.0 = Debug|Any CPU
		{A013299F-807A-4810-9919-84E7FA5A5CF2}.Debug|x86.ActiveCfg = Debug|Any CPU
		{A013299F-807A-4810-9919-84E7FA5A5CF2}.Debug|x86.Build.0 = Debug|Any CPU
		{A013299F-807A-4810-9919-84E7FA5A5CF2}.Release|Any CPU.ActiveCfg = Release|Any CPU
		{A013299F-807A-4810-9919-84E7FA5A5CF2}.Release|Any CPU.Build.0 = Release|Any CPU
		{A013299F-807A-4810-9919-84E7FA5A5CF2}.Release|x64.ActiveCfg = Release|Any CPU
		{A013299F-807A-4810-9919-84E7FA5A5CF2}.Release|x64.Build.0 = Release|Any CPU
		{A013299F-807A-4810-9919-84E7FA5A5CF2}.Release|x86.ActiveCfg = Release|Any CPU
		{A013299F-807A-4810-9919-84E7FA5A5CF2}.Release|x86.Build.0 = Release|Any CPU
		{568550C6-895D-4E6A-A711-D4D410E06F7C}.Debug|Any CPU.ActiveCfg = Debug|Any CPU
		{568550C6-895D-4E6A-A711-D4D410E06F7C}.Debug|Any CPU.Build.0 = Debug|Any CPU
		{568550C6-895D-4E6A-A711-D4D410E06F7C}.Debug|x64.ActiveCfg = Debug|Any CPU
		{568550C6-895D-4E6A-A711-D4D410E06F7C}.Debug|x64.Build.0 = Debug|Any CPU
		{568550C6-895D-4E6A-A711-D4D410E06F7C}.Debug|x86.ActiveCfg = Debug|Any CPU
		{568550C6-895D-4E6A-A711-D4D410E06F7C}.Debug|x86.Build.0 = Debug|Any CPU
		{568550C6-895D-4E6A-A711-D4D410E06F7C}.Release|Any CPU.ActiveCfg = Release|Any CPU
		{568550C6-895D-4E6A-A711-D4D410E06F7C}.Release|Any CPU.Build.0 = Release|Any CPU
		{568550C6-895D-4E6A-A711-D4D410E06F7C}.Release|x64.ActiveCfg = Release|Any CPU
		{568550C6-895D-4E6A-A711-D4D410E06F7C}.Release|x64.Build.0 = Release|Any CPU
		{568550C6-895D-4E6A-A711-D4D410E06F7C}.Release|x86.ActiveCfg = Release|Any CPU
		{568550C6-895D-4E6A-A711-D4D410E06F7C}.Release|x86.Build.0 = Release|Any CPU
		{B4019FAC-50EA-4D60-8840-1E32A3F48B15}.Debug|Any CPU.ActiveCfg = Debug|Any CPU
		{B4019FAC-50EA-4D60-8840-1E32A3F48B15}.Debug|Any CPU.Build.0 = Debug|Any CPU
		{B4019FAC-50EA-4D60-8840-1E32A3F48B15}.Debug|x64.ActiveCfg = Debug|Any CPU
		{B4019FAC-50EA-4D60-8840-1E32A3F48B15}.Debug|x64.Build.0 = Debug|Any CPU
		{B4019FAC-50EA-4D60-8840-1E32A3F48B15}.Debug|x86.ActiveCfg = Debug|Any CPU
		{B4019FAC-50EA-4D60-8840-1E32A3F48B15}.Debug|x86.Build.0 = Debug|Any CPU
		{B4019FAC-50EA-4D60-8840-1E32A3F48B15}.Release|Any CPU.ActiveCfg = Release|Any CPU
		{B4019FAC-50EA-4D60-8840-1E32A3F48B15}.Release|Any CPU.Build.0 = Release|Any CPU
		{B4019FAC-50EA-4D60-8840-1E32A3F48B15}.Release|x64.ActiveCfg = Release|Any CPU
		{B4019FAC-50EA-4D60-8840-1E32A3F48B15}.Release|x64.Build.0 = Release|Any CPU
		{B4019FAC-50EA-4D60-8840-1E32A3F48B15}.Release|x86.ActiveCfg = Release|Any CPU
		{B4019FAC-50EA-4D60-8840-1E32A3F48B15}.Release|x86.Build.0 = Release|Any CPU
		{995E5E49-86F9-42AA-ACB8-AA73AECFB360}.Debug|Any CPU.ActiveCfg = Debug|Any CPU
		{995E5E49-86F9-42AA-ACB8-AA73AECFB360}.Debug|Any CPU.Build.0 = Debug|Any CPU
		{995E5E49-86F9-42AA-ACB8-AA73AECFB360}.Debug|x64.ActiveCfg = Debug|Any CPU
		{995E5E49-86F9-42AA-ACB8-AA73AECFB360}.Debug|x64.Build.0 = Debug|Any CPU
		{995E5E49-86F9-42AA-ACB8-AA73AECFB360}.Debug|x86.ActiveCfg = Debug|Any CPU
		{995E5E49-86F9-42AA-ACB8-AA73AECFB360}.Debug|x86.Build.0 = Debug|Any CPU
		{995E5E49-86F9-42AA-ACB8-AA73AECFB360}.Release|Any CPU.ActiveCfg = Release|Any CPU
		{995E5E49-86F9-42AA-ACB8-AA73AECFB360}.Release|Any CPU.Build.0 = Release|Any CPU
		{995E5E49-86F9-42AA-ACB8-AA73AECFB360}.Release|x64.ActiveCfg = Release|Any CPU
		{995E5E49-86F9-42AA-ACB8-AA73AECFB360}.Release|x64.Build.0 = Release|Any CPU
		{995E5E49-86F9-42AA-ACB8-AA73AECFB360}.Release|x86.ActiveCfg = Release|Any CPU
		{995E5E49-86F9-42AA-ACB8-AA73AECFB360}.Release|x86.Build.0 = Release|Any CPU
	EndGlobalSection
	GlobalSection(SolutionProperties) = preSolution
		HideSolutionNode = FALSE
	EndGlobalSection
	GlobalSection(NestedProjects) = preSolution
		{C25ADEB3-3BA2-C619-3866-D47B25123913} = {827E0CD3-B72D-47B6-A68D-7590B98EB39B}
		{32462E4E-7027-4AE5-A88C-4709650A05CC} = {C25ADEB3-3BA2-C619-3866-D47B25123913}
		{E534814A-F560-F8B9-DD0A-13D6E0973E30} = {827E0CD3-B72D-47B6-A68D-7590B98EB39B}
		{DDCEFF82-FE69-4EFB-84A0-42BD7E0FA790} = {E534814A-F560-F8B9-DD0A-13D6E0973E30}
		{19090E92-B745-01E4-E959-BF9E2B615294} = {827E0CD3-B72D-47B6-A68D-7590B98EB39B}
		{FF58D7F2-9C3E-4970-B5C8-B4AF1ACFFC6F} = {19090E92-B745-01E4-E959-BF9E2B615294}
		{66ABE1B6-55EA-337F-0932-A3257AFE0B8C} = {827E0CD3-B72D-47B6-A68D-7590B98EB39B}
		{A013299F-807A-4810-9919-84E7FA5A5CF2} = {66ABE1B6-55EA-337F-0932-A3257AFE0B8C}
		{568550C6-895D-4E6A-A711-D4D410E06F7C} = {0AB3BF05-4346-4AA6-1389-037BE0695223}
		{B4019FAC-50EA-4D60-8840-1E32A3F48B15} = {0AB3BF05-4346-4AA6-1389-037BE0695223}
		{995E5E49-86F9-42AA-ACB8-AA73AECFB360} = {0AB3BF05-4346-4AA6-1389-037BE0695223}
	EndGlobalSection
EndGlobal
