
Microsoft Visual Studio Solution File, Format Version 12.00
# Visual Studio Version 17
VisualStudioVersion = 17.0.31903.59
MinimumVisualStudioVersion = 10.0.40219.1
Project("{2150E333-8FDC-42A3-9474-1A3956D46DE8}") = "src", "src", "{827E0CD3-B72D-47B6-A68D-7590B98EB39B}"
EndProject
Project("{2150E333-8FDC-42A3-9474-1A3956D46DE8}") = "1. Domain", "1. Domain", "{C25ADEB3-3BA2-C619-3866-D47B25123913}"
EndProject
Project("{FAE04EC0-301F-11D3-BF4B-00C04F79EFBC}") = "Atria.Domain", "src\1. Domain\Atria.Domain.csproj", "{5A3111B8-4365-46AD-801E-8870BD77E843}"
EndProject
Project("{2150E333-8FDC-42A3-9474-1A3956D46DE8}") = "2. Application", "2. Application", "{E534814A-F560-F8B9-DD0A-13D6E0973E30}"
EndProject
Project("{FAE04EC0-301F-11D3-BF4B-00C04F79EFBC}") = "Atria.Application", "src\2. Application\Atria.Application.csproj", "{7F9D8A1B-B728-454C-83A6-9A829D342360}"
EndProject
Project("{2150E333-8FDC-42A3-9474-1A3956D46DE8}") = "3. Infrastructure", "3. Infrastructure", "{19090E92-B745-01E4-E959-BF9E2B615294}"
EndProject
Project("{FAE04EC0-301F-11D3-BF4B-00C04F79EFBC}") = "Atria.Infrastructure", "src\3. Infrastructure\Atria.Infrastructure.csproj", "{5269D828-CEDF-4E72-BD49-93E99DF75E04}"
EndProject
Project("{2150E333-8FDC-42A3-9474-1A3956D46DE8}") = "4. Api", "4. Api", "{66ABE1B6-55EA-337F-0932-A3257AFE0B8C}"
EndProject
Project("{FAE04EC0-301F-11D3-BF4B-00C04F79EFBC}") = "Atria.Api", "src\4. Api\Atria.Api.csproj", "{9FBC1C0E-A5FB-4CE3-BE80-6044BB947654}"
EndProject
Project("{2150E333-8FDC-42A3-9474-1A3956D46DE8}") = "tests", "tests", "{0AB3BF05-4346-4AA6-1389-037BE0695223}"
EndProject
Project("{FAE04EC0-301F-11D3-BF4B-00C04F79EFBC}") = "Atria.Domain.Tests", "tests\Atria.Domain.Tests\Atria.Domain.Tests.csproj", "{4E5E348C-1E9B-4DFF-9C32-28720E5C2635}"
EndProject
Project("{FAE04EC0-301F-11D3-BF4B-00C04F79EFBC}") = "Atria.Application.Tests", "tests\Atria.Application.Tests\Atria.Application.Tests.csproj", "{9BFB0BFE-0FA6-4BAE-B4D2-5D3CC0EB8EC6}"
EndProject
Project("{FAE04EC0-301F-11D3-BF4B-00C04F79EFBC}") = "Atria.Api.IntegrationTests", "tests\Atria.Api.IntegrationTests\Atria.Api.IntegrationTests.csproj", "{CCA32118-26C0-45F3-B6C6-AA62343CDB41}"
EndProject
Global
	GlobalSection(SolutionConfigurationPlatforms) = preSolution
		Debug|Any CPU = Debug|Any CPU
		Debug|x64 = Debug|x64
		Debug|x86 = Debug|x86
		Release|Any CPU = Release|Any CPU
		Release|x64 = Release|x64
		Release|x86 = Release|x86
	EndGlobalSection
	GlobalSection(ProjectConfigurationPlatforms) = postSolution
		{5A3111B8-4365-46AD-801E-8870BD77E843}.Debug|Any CPU.ActiveCfg = Debug|Any CPU
		{5A3111B8-4365-46AD-801E-8870BD77E843}.Debug|Any CPU.Build.0 = Debug|Any CPU
		{5A3111B8-4365-46AD-801E-8870BD77E843}.Debug|x64.ActiveCfg = Debug|Any CPU
		{5A3111B8-4365-46AD-801E-8870BD77E843}.Debug|x64.Build.0 = Debug|Any CPU
		{5A3111B8-4365-46AD-801E-8870BD77E843}.Debug|x86.ActiveCfg = Debug|Any CPU
		{5A3111B8-4365-46AD-801E-8870BD77E843}.Debug|x86.Build.0 = Debug|Any CPU
		{5A3111B8-4365-46AD-801E-8870BD77E843}.Release|Any CPU.ActiveCfg = Release|Any CPU
		{5A3111B8-4365-46AD-801E-8870BD77E843}.Release|Any CPU.Build.0 = Release|Any CPU
		{5A3111B8-4365-46AD-801E-8870BD77E843}.Release|x64.ActiveCfg = Release|Any CPU
		{5A3111B8-4365-46AD-801E-8870BD77E843}.Release|x64.Build.0 = Release|Any CPU
		{5A3111B8-4365-46AD-801E-8870BD77E843}.Release|x86.ActiveCfg = Release|Any CPU
		{5A3111B8-4365-46AD-801E-8870BD77E843}.Release|x86.Build.0 = Release|Any CPU
		{7F9D8A1B-B728-454C-83A6-9A829D342360}.Debug|Any CPU.ActiveCfg = Debug|Any CPU
		{7F9D8A1B-B728-454C-83A6-9A829D342360}.Debug|Any CPU.Build.0 = Debug|Any CPU
		{7F9D8A1B-B728-454C-83A6-9A829D342360}.Debug|x64.ActiveCfg = Debug|Any CPU
		{7F9D8A1B-B728-454C-83A6-9A829D342360}.Debug|x64.Build.0 = Debug|Any CPU
		{7F9D8A1B-B728-454C-83A6-9A829D342360}.Debug|x86.ActiveCfg = Debug|Any CPU
		{7F9D8A1B-B728-454C-83A6-9A829D342360}.Debug|x86.Build.0 = Debug|Any CPU
		{7F9D8A1B-B728-454C-83A6-9A829D342360}.Release|Any CPU.ActiveCfg = Release|Any CPU
		{7F9D8A1B-B728-454C-83A6-9A829D342360}.Release|Any CPU.Build.0 = Release|Any CPU
		{7F9D8A1B-B728-454C-83A6-9A829D342360}.Release|x64.ActiveCfg = Release|Any CPU
		{7F9D8A1B-B728-454C-83A6-9A829D342360}.Release|x64.Build.0 = Release|Any CPU
		{7F9D8A1B-B728-454C-83A6-9A829D342360}.Release|x86.ActiveCfg = Release|Any CPU
		{7F9D8A1B-B728-454C-83A6-9A829D342360}.Release|x86.Build.0 = Release|Any CPU
		{5269D828-CEDF-4E72-BD49-93E99DF75E04}.Debug|Any CPU.ActiveCfg = Debug|Any CPU
		{5269D828-CEDF-4E72-BD49-93E99DF75E04}.Debug|Any CPU.Build.0 = Debug|Any CPU
		{5269D828-CEDF-4E72-BD49-93E99DF75E04}.Debug|x64.ActiveCfg = Debug|Any CPU
		{5269D828-CEDF-4E72-BD49-93E99DF75E04}.Debug|x64.Build.0 = Debug|Any CPU
		{5269D828-CEDF-4E72-BD49-93E99DF75E04}.Debug|x86.ActiveCfg = Debug|Any CPU
		{5269D828-CEDF-4E72-BD49-93E99DF75E04}.Debug|x86.Build.0 = Debug|Any CPU
		{5269D828-CEDF-4E72-BD49-93E99DF75E04}.Release|Any CPU.ActiveCfg = Release|Any CPU
		{5269D828-CEDF-4E72-BD49-93E99DF75E04}.Release|Any CPU.Build.0 = Release|Any CPU
		{5269D828-CEDF-4E72-BD49-93E99DF75E04}.Release|x64.ActiveCfg = Release|Any CPU
		{5269D828-CEDF-4E72-BD49-93E99DF75E04}.Release|x64.Build.0 = Release|Any CPU
		{5269D828-CEDF-4E72-BD49-93E99DF75E04}.Release|x86.ActiveCfg = Release|Any CPU
		{5269D828-CEDF-4E72-BD49-93E99DF75E04}.Release|x86.Build.0 = Release|Any CPU
		{9FBC1C0E-A5FB-4CE3-BE80-6044BB947654}.Debug|Any CPU.ActiveCfg = Debug|Any CPU
		{9FBC1C0E-A5FB-4CE3-BE80-6044BB947654}.Debug|Any CPU.Build.0 = Debug|Any CPU
		{9FBC1C0E-A5FB-4CE3-BE80-6044BB947654}.Debug|x64.ActiveCfg = Debug|Any CPU
		{9FBC1C0E-A5FB-4CE3-BE80-6044BB947654}.Debug|x64.Build.0 = Debug|Any CPU
		{9FBC1C0E-A5FB-4CE3-BE80-6044BB947654}.Debug|x86.ActiveCfg = Debug|Any CPU
		{9FBC1C0E-A5FB-4CE3-BE80-6044BB947654}.Debug|x86.Build.0 = Debug|Any CPU
		{9FBC1C0E-A5FB-4CE3-BE80-6044BB947654}.Release|Any CPU.ActiveCfg = Release|Any CPU
		{9FBC1C0E-A5FB-4CE3-BE80-6044BB947654}.Release|Any CPU.Build.0 = Release|Any CPU
		{9FBC1C0E-A5FB-4CE3-BE80-6044BB947654}.Release|x64.ActiveCfg = Release|Any CPU
		{9FBC1C0E-A5FB-4CE3-BE80-6044BB947654}.Release|x64.Build.0 = Release|Any CPU
		{9FBC1C0E-A5FB-4CE3-BE80-6044BB947654}.Release|x86.ActiveCfg = Release|Any CPU
		{9FBC1C0E-A5FB-4CE3-BE80-6044BB947654}.Release|x86.Build.0 = Release|Any CPU
		{4E5E348C-1E9B-4DFF-9C32-28720E5C2635}.Debug|Any CPU.ActiveCfg = Debug|Any CPU
		{4E5E348C-1E9B-4DFF-9C32-28720E5C2635}.Debug|Any CPU.Build.0 = Debug|Any CPU
		{4E5E348C-1E9B-4DFF-9C32-28720E5C2635}.Debug|x64.ActiveCfg = Debug|Any CPU
		{4E5E348C-1E9B-4DFF-9C32-28720E5C2635}.Debug|x64.Build.0 = Debug|Any CPU
		{4E5E348C-1E9B-4DFF-9C32-28720E5C2635}.Debug|x86.ActiveCfg = Debug|Any CPU
		{4E5E348C-1E9B-4DFF-9C32-28720E5C2635}.Debug|x86.Build.0 = Debug|Any CPU
		{4E5E348C-1E9B-4DFF-9C32-28720E5C2635}.Release|Any CPU.ActiveCfg = Release|Any CPU
		{4E5E348C-1E9B-4DFF-9C32-28720E5C2635}.Release|Any CPU.Build.0 = Release|Any CPU
		{4E5E348C-1E9B-4DFF-9C32-28720E5C2635}.Release|x64.ActiveCfg = Release|Any CPU
		{4E5E348C-1E9B-4DFF-9C32-28720E5C2635}.Release|x64.Build.0 = Release|Any CPU
		{4E5E348C-1E9B-4DFF-9C32-28720E5C2635}.Release|x86.ActiveCfg = Release|Any CPU
		{4E5E348C-1E9B-4DFF-9C32-28720E5C2635}.Release|x86.Build.0 = Release|Any CPU
		{9BFB0BFE-0FA6-4BAE-B4D2-5D3CC0EB8EC6}.Debug|Any CPU.ActiveCfg = Debug|Any CPU
		{9BFB0BFE-0FA6-4BAE-B4D2-5D3CC0EB8EC6}.Debug|Any CPU.Build.0 = Debug|Any CPU
		{9BFB0BFE-0FA6-4BAE-B4D2-5D3CC0EB8EC6}.Debug|x64.ActiveCfg = Debug|Any CPU
		{9BFB0BFE-0FA6-4BAE-B4D2-5D3CC0EB8EC6}.Debug|x64.Build.0 = Debug|Any CPU
		{9BFB0BFE-0FA6-4BAE-B4D2-5D3CC0EB8EC6}.Debug|x86.ActiveCfg = Debug|Any CPU
		{9BFB0BFE-0FA6-4BAE-B4D2-5D3CC0EB8EC6}.Debug|x86.Build.0 = Debug|Any CPU
		{9BFB0BFE-0FA6-4BAE-B4D2-5D3CC0EB8EC6}.Release|Any CPU.ActiveCfg = Release|Any CPU
		{9BFB0BFE-0FA6-4BAE-B4D2-5D3CC0EB8EC6}.Release|Any CPU.Build.0 = Release|Any CPU
		{9BFB0BFE-0FA6-4BAE-B4D2-5D3CC0EB8EC6}.Release|x64.ActiveCfg = Release|Any CPU
		{9BFB0BFE-0FA6-4BAE-B4D2-5D3CC0EB8EC6}.Release|x64.Build.0 = Release|Any CPU
		{9BFB0BFE-0FA6-4BAE-B4D2-5D3CC0EB8EC6}.Release|x86.ActiveCfg = Release|Any CPU
		{9BFB0BFE-0FA6-4BAE-B4D2-5D3CC0EB8EC6}.Release|x86.Build.0 = Release|Any CPU
		{CCA32118-26C0-45F3-B6C6-AA62343CDB41}.Debug|Any CPU.ActiveCfg = Debug|Any CPU
		{CCA32118-26C0-45F3-B6C6-AA62343CDB41}.Debug|Any CPU.Build.0 = Debug|Any CPU
		{CCA32118-26C0-45F3-B6C6-AA62343CDB41}.Debug|x64.ActiveCfg = Debug|Any CPU
		{CCA32118-26C0-45F3-B6C6-AA62343CDB41}.Debug|x64.Build.0 = Debug|Any CPU
		{CCA32118-26C0-45F3-B6C6-AA62343CDB41}.Debug|x86.ActiveCfg = Debug|Any CPU
		{CCA32118-26C0-45F3-B6C6-AA62343CDB41}.Debug|x86.Build.0 = Debug|Any CPU
		{CCA32118-26C0-45F3-B6C6-AA62343CDB41}.Release|Any CPU.ActiveCfg = Release|Any CPU
		{CCA32118-26C0-45F3-B6C6-AA62343CDB41}.Release|Any CPU.Build.0 = Release|Any CPU
		{CCA32118-26C0-45F3-B6C6-AA62343CDB41}.Release|x64.ActiveCfg = Release|Any CPU
		{CCA32118-26C0-45F3-B6C6-AA62343CDB41}.Release|x64.Build.0 = Release|Any CPU
		{CCA32118-26C0-45F3-B6C6-AA62343CDB41}.Release|x86.ActiveCfg = Release|Any CPU
		{CCA32118-26C0-45F3-B6C6-AA62343CDB41}.Release|x86.Build.0 = Release|Any CPU
	EndGlobalSection
	GlobalSection(SolutionProperties) = preSolution
		HideSolutionNode = FALSE
	EndGlobalSection
	GlobalSection(NestedProjects) = preSolution
		{C25ADEB3-3BA2-C619-3866-D47B25123913} = {827E0CD3-B72D-47B6-A68D-7590B98EB39B}
		{5A3111B8-4365-46AD-801E-8870BD77E843} = {C25ADEB3-3BA2-C619-3866-D47B25123913}
		{E534814A-F560-F8B9-DD0A-13D6E0973E30} = {827E0CD3-B72D-47B6-A68D-7590B98EB39B}
		{7F9D8A1B-B728-454C-83A6-9A829D342360} = {E534814A-F560-F8B9-DD0A-13D6E0973E30}
		{19090E92-B745-01E4-E959-BF9E2B615294} = {827E0CD3-B72D-47B6-A68D-7590B98EB39B}
		{5269D828-CEDF-4E72-BD49-93E99DF75E04} = {19090E92-B745-01E4-E959-BF9E2B615294}
		{66ABE1B6-55EA-337F-0932-A3257AFE0B8C} = {827E0CD3-B72D-47B6-A68D-7590B98EB39B}
		{9FBC1C0E-A5FB-4CE3-BE80-6044BB947654} = {66ABE1B6-55EA-337F-0932-A3257AFE0B8C}
		{4E5E348C-1E9B-4DFF-9C32-28720E5C2635} = {0AB3BF05-4346-4AA6-1389-037BE0695223}
		{9BFB0BFE-0FA6-4BAE-B4D2-5D3CC0EB8EC6} = {0AB3BF05-4346-4AA6-1389-037BE0695223}
		{CCA32118-26C0-45F3-B6C6-AA62343CDB41} = {0AB3BF05-4346-4AA6-1389-037BE0695223}
	EndGlobalSection
EndGlobal
